
Microsoft Visual Studio Solution File, Format Version 12.00
# Visual Studio Version 17
VisualStudioVersion = 17.1.32328.378
MinimumVisualStudioVersion = 10.0.40219.1
Project("{FAE04EC0-301F-11D3-BF4B-00C04F79EFBC}") = "DEDONE", "DEDONE.csproj", "{7E4D7D90-69CC-4BDE-A158-FB44756BCC2D}"
EndProject
Global
	GlobalSection(SolutionConfigurationPlatforms) = preSolution
		Debug|Any CPU = Debug|Any CPU
		Release|Any CPU = Release|Any CPU
	EndGlobalSection
	GlobalSection(ProjectConfigurationPlatforms) = postSolution
		{7E4D7D90-69CC-4BDE-A158-FB44756BCC2D}.Debug|Any CPU.ActiveCfg = Debug|Any CPU
		{7E4D7D90-69CC-4BDE-A158-FB44756BCC2D}.Debug|Any CPU.Build.0 = Debug|Any CPU
		{7E4D7D90-69CC-4BDE-A158-FB44756BCC2D}.Release|Any CPU.ActiveCfg = Release|Any CPU
		{7E4D7D90-69CC-4BDE-A158-FB44756BCC2D}.Release|Any CPU.Build.0 = Release|Any CPU
	EndGlobalSection
	GlobalSection(SolutionProperties) = preSolution
		HideSolutionNode = FALSE
	EndGlobalSection
	GlobalSection(ExtensibilityGlobals) = postSolution
		SolutionGuid = {14936177-C730-4BFA-86D4-FF3F5563145C}
	EndGlobalSection
EndGlobal
